// !$*UTF8*$!
{
	archiveVersion = 1;
	classes = {
	};
	objectVersion = 50;
	objects = {

/* Begin PBXBuildFile section */
		041367D1275D63DF0097A1F1 /* D.wav in Resources */ = {isa = PBXBuildFile; fileRef = 041367CA275D63DE0097A1F1 /* D.wav */; };
		041367D2275D63DF0097A1F1 /* A.wav in Resources */ = {isa = PBXBuildFile; fileRef = 041367CB275D63DE0097A1F1 /* A.wav */; };
		041367D3275D63DF0097A1F1 /* B.wav in Resources */ = {isa = PBXBuildFile; fileRef = 041367CC275D63DE0097A1F1 /* B.wav */; };
		041367D4275D63DF0097A1F1 /* F.wav in Resources */ = {isa = PBXBuildFile; fileRef = 041367CD275D63DE0097A1F1 /* F.wav */; };
		041367D5275D63DF0097A1F1 /* C.wav in Resources */ = {isa = PBXBuildFile; fileRef = 041367CE275D63DF0097A1F1 /* C.wav */; };
		041367D6275D63DF0097A1F1 /* G.wav in Resources */ = {isa = PBXBuildFile; fileRef = 041367CF275D63DF0097A1F1 /* G.wav */; };
		041367D7275D63DF0097A1F1 /* E.wav in Resources */ = {isa = PBXBuildFile; fileRef = 041367D0275D63DF0097A1F1 /* E.wav */; };
		04FD7462275D526E008D494A /* AppDelegate.swift in Sources */ = {isa = PBXBuildFile; fileRef = 04FD7461275D526E008D494A /* AppDelegate.swift */; };
		04FD7464275D526E008D494A /* SceneDelegate.swift in Sources */ = {isa = PBXBuildFile; fileRef = 04FD7463275D526E008D494A /* SceneDelegate.swift */; };
		04FD7466275D526E008D494A /* ViewController.swift in Sources */ = {isa = PBXBuildFile; fileRef = 04FD7465275D526E008D494A /* ViewController.swift */; };
		04FD7469275D526E008D494A /* Main.storyboard in Resources */ = {isa = PBXBuildFile; fileRef = 04FD7467275D526E008D494A /* Main.storyboard */; };
		04FD746B275D526F008D494A /* Assets.xcassets in Resources */ = {isa = PBXBuildFile; fileRef = 04FD746A275D526F008D494A /* Assets.xcassets */; };
		04FD746E275D526F008D494A /* LaunchScreen.storyboard in Resources */ = {isa = PBXBuildFile; fileRef = 04FD746C275D526F008D494A /* LaunchScreen.storyboard */; };
/* End PBXBuildFile section */

/* Begin PBXFileReference section */
		041367CA275D63DE0097A1F1 /* D.wav */ = {isa = PBXFileReference; lastKnownFileType = audio.wav; path = D.wav; sourceTree = "<group>"; };
		041367CB275D63DE0097A1F1 /* A.wav */ = {isa = PBXFileReference; lastKnownFileType = audio.wav; path = A.wav; sourceTree = "<group>"; };
		041367CC275D63DE0097A1F1 /* B.wav */ = {isa = PBXFileReference; lastKnownFileType = audio.wav; path = B.wav; sourceTree = "<group>"; };
		041367CD275D63DE0097A1F1 /* F.wav */ = {isa = PBXFileReference; lastKnownFileType = audio.wav; path = F.wav; sourceTree = "<group>"; };
		041367CE275D63DF0097A1F1 /* C.wav */ = {isa = PBXFileReference; lastKnownFileType = audio.wav; path = C.wav; sourceTree = "<group>"; };
		041367CF275D63DF0097A1F1 /* G.wav */ = {isa = PBXFileReference; lastKnownFileType = audio.wav; path = G.wav; sourceTree = "<group>"; };
		041367D0275D63DF0097A1F1 /* E.wav */ = {isa = PBXFileReference; lastKnownFileType = audio.wav; path = E.wav; sourceTree = "<group>"; };
		04FD745E275D526E008D494A /* Xylophone.app */ = {isa = PBXFileReference; explicitFileType = wrapper.application; includeInIndex = 0; path = Xylophone.app; sourceTree = BUILT_PRODUCTS_DIR; };
		04FD7461275D526E008D494A /* AppDelegate.swift */ = {isa = PBXFileReference; lastKnownFileType = sourcecode.swift; path = AppDelegate.swift; sourceTree = "<group>"; };
		04FD7463275D526E008D494A /* SceneDelegate.swift */ = {isa = PBXFileReference; lastKnownFileType = sourcecode.swift; path = SceneDelegate.swift; sourceTree = "<group>"; };
		04FD7465275D526E008D494A /* ViewController.swift */ = {isa = PBXFileReference; lastKnownFileType = sourcecode.swift; path = ViewController.swift; sourceTree = "<group>"; };
		04FD7468275D526E008D494A /* Base */ = {isa = PBXFileReference; lastKnownFileType = file.storyboard; name = Base; path = Base.lproj/Main.storyboard; sourceTree = "<group>"; };
		04FD746A275D526F008D494A /* Assets.xcassets */ = {isa = PBXFileReference; lastKnownFileType = folder.assetcatalog; path = Assets.xcassets; sourceTree = "<group>"; };
		04FD746D275D526F008D494A /* Base */ = {isa = PBXFileReference; lastKnownFileType = file.storyboard; name = Base; path = Base.lproj/LaunchScreen.storyboard; sourceTree = "<group>"; };
		04FD746F275D526F008D494A /* Info.plist */ = {isa = PBXFileReference; lastKnownFileType = text.plist.xml; path = Info.plist; sourceTree = "<group>"; };
/* End PBXFileReference section */

/* Begin PBXFrameworksBuildPhase section */
		04FD745B275D526E008D494A /* Frameworks */ = {
			isa = PBXFrameworksBuildPhase;
			buildActionMask = 2147483647;
			files = (
			);
			runOnlyForDeploymentPostprocessing = 0;
		};
/* End PBXFrameworksBuildPhase section */

/* Begin PBXGroup section */
		04FD7455275D526E008D494A = {
			isa = PBXGroup;
			children = (
				041367CB275D63DE0097A1F1 /* A.wav */,
				041367CC275D63DE0097A1F1 /* B.wav */,
				041367CE275D63DF0097A1F1 /* C.wav */,
				041367CA275D63DE0097A1F1 /* D.wav */,
				041367D0275D63DF0097A1F1 /* E.wav */,
				041367CD275D63DE0097A1F1 /* F.wav */,
				041367CF275D63DF0097A1F1 /* G.wav */,
				04FD7460275D526E008D494A /* Xylophone */,
				04FD745F275D526E008D494A /* Products */,
			);
			sourceTree = "<group>";
		};
		04FD745F275D526E008D494A /* Products */ = {
			isa = PBXGroup;
			children = (
				04FD745E275D526E008D494A /* Xylophone.app */,
			);
			name = Products;
			sourceTree = "<group>";
		};
		04FD7460275D526E008D494A /* Xylophone */ = {
			isa = PBXGroup;
			children = (
				04FD7461275D526E008D494A /* AppDelegate.swift */,
				04FD7463275D526E008D494A /* SceneDelegate.swift */,
				04FD7465275D526E008D494A /* ViewController.swift */,
				04FD7467275D526E008D494A /* Main.storyboard */,
				04FD746A275D526F008D494A /* Assets.xcassets */,
				04FD746C275D526F008D494A /* LaunchScreen.storyboard */,
				04FD746F275D526F008D494A /* Info.plist */,
			);
			path = Xylophone;
			sourceTree = "<group>";
		};
/* End PBXGroup section */

/* Begin PBXNativeTarget section */
		04FD745D275D526E008D494A /* Xylophone */ = {
			isa = PBXNativeTarget;
			buildConfigurationList = 04FD7472275D526F008D494A /* Build configuration list for PBXNativeTarget "Xylophone" */;
			buildPhases = (
				04FD745A275D526E008D494A /* Sources */,
				04FD745B275D526E008D494A /* Frameworks */,
				04FD745C275D526E008D494A /* Resources */,
			);
			buildRules = (
			);
			dependencies = (
			);
			name = Xylophone;
			productName = Xylophone;
			productReference = 04FD745E275D526E008D494A /* Xylophone.app */;
			productType = "com.apple.product-type.application";
		};
/* End PBXNativeTarget section */

/* Begin PBXProject section */
		04FD7456275D526E008D494A /* Project object */ = {
			isa = PBXProject;
			attributes = {
				LastSwiftUpdateCheck = 1200;
				LastUpgradeCheck = 1200;
				TargetAttributes = {
					04FD745D275D526E008D494A = {
						CreatedOnToolsVersion = 12.0;
					};
				};
			};
			buildConfigurationList = 04FD7459275D526E008D494A /* Build configuration list for PBXProject "Xylophone" */;
			compatibilityVersion = "Xcode 9.3";
			developmentRegion = en;
			hasScannedForEncodings = 0;
			knownRegions = (
				en,
				Base,
			);
			mainGroup = 04FD7455275D526E008D494A;
			productRefGroup = 04FD745F275D526E008D494A /* Products */;
			projectDirPath = "";
			projectRoot = "";
			targets = (
				04FD745D275D526E008D494A /* Xylophone */,
			);
		};
/* End PBXProject section */

/* Begin PBXResourcesBuildPhase section */
		04FD745C275D526E008D494A /* Resources */ = {
			isa = PBXResourcesBuildPhase;
			buildActionMask = 2147483647;
			files = (
				041367D1275D63DF0097A1F1 /* D.wav in Resources */,
				041367D2275D63DF0097A1F1 /* A.wav in Resources */,
				041367D3275D63DF0097A1F1 /* B.wav in Resources */,
				041367D4275D63DF0097A1F1 /* F.wav in Resources */,
				041367D5275D63DF0097A1F1 /* C.wav in Resources */,
				041367D6275D63DF0097A1F1 /* G.wav in Resources */,
				041367D7275D63DF0097A1F1 /* E.wav in Resources */,
				04FD746E275D526F008D494A /* LaunchScreen.storyboard in Resources */,
				04FD746B275D526F008D494A /* Assets.xcassets in Resources */,
				04FD7469275D526E008D494A /* Main.storyboard in Resources */,
			);
			runOnlyForDeploymentPostprocessing = 0;
		};
/* End PBXResourcesBuildPhase section */

/* Begin PBXSourcesBuildPhase section */
		04FD745A275D526E008D494A /* Sources */ = {
			isa = PBXSourcesBuildPhase;
			buildActionMask = 2147483647;
			files = (
				04FD7466275D526E008D494A /* ViewController.swift in Sources */,
				04FD7462275D526E008D494A /* AppDelegate.swift in Sources */,
				04FD7464275D526E008D494A /* SceneDelegate.swift in Sources */,
			);
			runOnlyForDeploymentPostprocessing = 0;
		};
/* End PBXSourcesBuildPhase section */

/* Begin PBXVariantGroup section */
		04FD7467275D526E008D494A /* Main.storyboard */ = {
			isa = PBXVariantGroup;
			children = (
				04FD7468275D526E008D494A /* Base */,
			);
			name = Main.storyboard;
			sourceTree = "<group>";
		};
		04FD746C275D526F008D494A /* LaunchScreen.storyboard */ = {
			isa = PBXVariantGroup;
			children = (
				04FD746D275D526F008D494A /* Base */,
			);
			name = LaunchScreen.storyboard;
			sourceTree = "<group>";
		};
/* End PBXVariantGroup section */

/* Begin XCBuildConfiguration section */
		04FD7470275D526F008D494A /* Debug */ = {
			isa = XCBuildConfiguration;
			buildSettings = {
				ALWAYS_SEARCH_USER_PATHS = NO;
				CLANG_ANALYZER_NONNULL = YES;
				CLANG_ANALYZER_NUMBER_OBJECT_CONVERSION = YES_AGGRESSIVE;
				CLANG_CXX_LANGUAGE_STANDARD = "gnu++14";
				CLANG_CXX_LIBRARY = "libc++";
				CLANG_ENABLE_MODULES = YES;
				CLANG_ENABLE_OBJC_ARC = YES;
				CLANG_ENABLE_OBJC_WEAK = YES;
				CLANG_WARN_BLOCK_CAPTURE_AUTORELEASING = YES;
				CLANG_WARN_BOOL_CONVERSION = YES;
				CLANG_WARN_COMMA = YES;
				CLANG_WARN_CONSTANT_CONVERSION = YES;
				CLANG_WARN_DEPRECATED_OBJC_IMPLEMENTATIONS = YES;
				CLANG_WARN_DIRECT_OBJC_ISA_USAGE = YES_ERROR;
				CLANG_WARN_DOCUMENTATION_COMMENTS = YES;
				CLANG_WARN_EMPTY_BODY = YES;
				CLANG_WARN_ENUM_CONVERSION = YES;
				CLANG_WARN_INFINITE_RECURSION = YES;
				CLANG_WARN_INT_CONVERSION = YES;
				CLANG_WARN_NON_LITERAL_NULL_CONVERSION = YES;
				CLANG_WARN_OBJC_IMPLICIT_RETAIN_SELF = YES;
				CLANG_WARN_OBJC_LITERAL_CONVERSION = YES;
				CLANG_WARN_OBJC_ROOT_CLASS = YES_ERROR;
				CLANG_WARN_QUOTED_INCLUDE_IN_FRAMEWORK_HEADER = YES;
				CLANG_WARN_RANGE_LOOP_ANALYSIS = YES;
				CLANG_WARN_STRICT_PROTOTYPES = YES;
				CLANG_WARN_SUSPICIOUS_MOVE = YES;
				CLANG_WARN_UNGUARDED_AVAILABILITY = YES_AGGRESSIVE;
				CLANG_WARN_UNREACHABLE_CODE = YES;
				CLANG_WARN__DUPLICATE_METHOD_MATCH = YES;
				COPY_PHASE_STRIP = NO;
				DEBUG_INFORMATION_FORMAT = dwarf;
				ENABLE_STRICT_OBJC_MSGSEND = YES;
				ENABLE_TESTABILITY = YES;
				GCC_C_LANGUAGE_STANDARD = gnu11;
				GCC_DYNAMIC_NO_PIC = NO;
				GCC_NO_COMMON_BLOCKS = YES;
				GCC_OPTIMIZATION_LEVEL = 0;
				GCC_PREPROCESSOR_DEFINITIONS = (
					"DEBUG=1",
					"$(inherited)",
				);
				GCC_WARN_64_TO_32_BIT_CONVERSION = YES;
				GCC_WARN_ABOUT_RETURN_TYPE = YES_ERROR;
				GCC_WARN_UNDECLARED_SELECTOR = YES;
				GCC_WARN_UNINITIALIZED_AUTOS = YES_AGGRESSIVE;
				GCC_WARN_UNUSED_FUNCTION = YES;
				GCC_WARN_UNUSED_VARIABLE = YES;
				IPHONEOS_DEPLOYMENT_TARGET = 14.0;
				MTL_ENABLE_DEBUG_INFO = INCLUDE_SOURCE;
				MTL_FAST_MATH = YES;
				ONLY_ACTIVE_ARCH = YES;
				SDKROOT = iphoneos;
				SWIFT_ACTIVE_COMPILATION_CONDITIONS = DEBUG;
				SWIFT_OPTIMIZATION_LEVEL = "-Onone";
			};
			name = Debug;
		};
		04FD7471275D526F008D494A /* Release */ = {
			isa = XCBuildConfiguration;
			buildSettings = {
				ALWAYS_SEARCH_USER_PATHS = NO;
				CLANG_ANALYZER_NONNULL = YES;
				CLANG_ANALYZER_NUMBER_OBJECT_CONVERSION = YES_AGGRESSIVE;
				CLANG_CXX_LANGUAGE_STANDARD = "gnu++14";
				CLANG_CXX_LIBRARY = "libc++";
				CLANG_ENABLE_MODULES = YES;
				CLANG_ENABLE_OBJC_ARC = YES;
				CLANG_ENABLE_OBJC_WEAK = YES;
				CLANG_WARN_BLOCK_CAPTURE_AUTORELEASING = YES;
				CLANG_WARN_BOOL_CONVERSION = YES;
				CLANG_WARN_COMMA = YES;
				CLANG_WARN_CONSTANT_CONVERSION = YES;
				CLANG_WARN_DEPRECATED_OBJC_IMPLEMENTATIONS = YES;
				CLANG_WARN_DIRECT_OBJC_ISA_USAGE = YES_ERROR;
				CLANG_WARN_DOCUMENTATION_COMMENTS = YES;
				CLANG_WARN_EMPTY_BODY = YES;
				CLANG_WARN_ENUM_CONVERSION = YES;
				CLANG_WARN_INFINITE_RECURSION = YES;
				CLANG_WARN_INT_CONVERSION = YES;
				CLANG_WARN_NON_LITERAL_NULL_CONVERSION = YES;
				CLANG_WARN_OBJC_IMPLICIT_RETAIN_SELF = YES;
				CLANG_WARN_OBJC_LITERAL_CONVERSION = YES;
				CLANG_WARN_OBJC_ROOT_CLASS = YES_ERROR;
				CLANG_WARN_QUOTED_INCLUDE_IN_FRAMEWORK_HEADER = YES;
				CLANG_WARN_RANGE_LOOP_ANALYSIS = YES;
				CLANG_WARN_STRICT_PROTOTYPES = YES;
				CLANG_WARN_SUSPICIOUS_MOVE = YES;
				CLANG_WARN_UNGUARDED_AVAILABILITY = YES_AGGRESSIVE;
				CLANG_WARN_UNREACHABLE_CODE = YES;
				CLANG_WARN__DUPLICATE_METHOD_MATCH = YES;
				COPY_PHASE_STRIP = NO;
				DEBUG_INFORMATION_FORMAT = "dwarf-with-dsym";
				ENABLE_NS_ASSERTIONS = NO;
				ENABLE_STRICT_OBJC_MSGSEND = YES;
				GCC_C_LANGUAGE_STANDARD = gnu11;
				GCC_NO_COMMON_BLOCKS = YES;
				GCC_WARN_64_TO_32_BIT_CONVERSION = YES;
				GCC_WARN_ABOUT_RETURN_TYPE = YES_ERROR;
				GCC_WARN_UNDECLARED_SELECTOR = YES;
				GCC_WARN_UNINITIALIZED_AUTOS = YES_AGGRESSIVE;
				GCC_WARN_UNUSED_FUNCTION = YES;
				GCC_WARN_UNUSED_VARIABLE = YES;
				IPHONEOS_DEPLOYMENT_TARGET = 14.0;
				MTL_ENABLE_DEBUG_INFO = NO;
				MTL_FAST_MATH = YES;
				SDKROOT = iphoneos;
				SWIFT_COMPILATION_MODE = wholemodule;
				SWIFT_OPTIMIZATION_LEVEL = "-O";
				VALIDATE_PRODUCT = YES;
			};
			name = Release;
		};
		04FD7473275D526F008D494A /* Debug */ = {
			isa = XCBuildConfiguration;
			buildSettings = {
				ASSETCATALOG_COMPILER_APPICON_NAME = AppIcon;
				ASSETCATALOG_COMPILER_GLOBAL_ACCENT_COLOR_NAME = AccentColor;
				CODE_SIGN_STYLE = Automatic;
				INFOPLIST_FILE = Xylophone/Info.plist;
				LD_RUNPATH_SEARCH_PATHS = (
					"$(inherited)",
					"@executable_path/Frameworks",
				);
				PRODUCT_BUNDLE_IDENTIFIER = com.umutsurmeli.Xylophone;
				PRODUCT_NAME = "$(TARGET_NAME)";
				SWIFT_VERSION = 5.0;
				TARGETED_DEVICE_FAMILY = "1,2";
			};
			name = Debug;
		};
		04FD7474275D526F008D494A /* Release */ = {
			isa = XCBuildConfiguration;
			buildSettings = {
				ASSETCATALOG_COMPILER_APPICON_NAME = AppIcon;
				ASSETCATALOG_COMPILER_GLOBAL_ACCENT_COLOR_NAME = AccentColor;
				CODE_SIGN_STYLE = Automatic;
				INFOPLIST_FILE = Xylophone/Info.plist;
				LD_RUNPATH_SEARCH_PATHS = (
					"$(inherited)",
					"@executable_path/Frameworks",
				);
				PRODUCT_BUNDLE_IDENTIFIER = com.umutsurmeli.Xylophone;
				PRODUCT_NAME = "$(TARGET_NAME)";
				SWIFT_VERSION = 5.0;
				TARGETED_DEVICE_FAMILY = "1,2";
			};
			name = Release;
		};
/* End XCBuildConfiguration section */

/* Begin XCConfigurationList section */
		04FD7459275D526E008D494A /* Build configuration list for PBXProject "Xylophone" */ = {
			isa = XCConfigurationList;
			buildConfigurations = (
				04FD7470275D526F008D494A /* Debug */,
				04FD7471275D526F008D494A /* Release */,
			);
			defaultConfigurationIsVisible = 0;
			defaultConfigurationName = Release;
		};
		04FD7472275D526F008D494A /* Build configuration list for PBXNativeTarget "Xylophone" */ = {
			isa = XCConfigurationList;
			buildConfigurations = (
				04FD7473275D526F008D494A /* Debug */,
				04FD7474275D526F008D494A /* Release */,
			);
			defaultConfigurationIsVisible = 0;
			defaultConfigurationName = Release;
		};
/* End XCConfigurationList section */
	};
	rootObject = 04FD7456275D526E008D494A /* Project object */;
}
